// !$*UTF8*$!
{
	archiveVersion = 1;
	classes = {
	};
	objectVersion = 50;
	objects = {

/* Begin PBXBuildFile section */
		2F53511725DDD14700EE9BCD /* Detail.storyboard in Resources */ = {isa = PBXBuildFile; fileRef = 2F53511625DDD14700EE9BCD /* Detail.storyboard */; };
		2F53511B25DDD77D00EE9BCD /* ViewModel.swift in Sources */ = {isa = PBXBuildFile; fileRef = 2F53511A25DDD77D00EE9BCD /* ViewModel.swift */; };
		2F53511F25DDDE0800EE9BCD /* PostViewModel.swift in Sources */ = {isa = PBXBuildFile; fileRef = 2F53511E25DDDE0800EE9BCD /* PostViewModel.swift */; };
		2F53512525DDFB1B00EE9BCD /* DetailViewModel.swift in Sources */ = {isa = PBXBuildFile; fileRef = 2F53512425DDFB1B00EE9BCD /* DetailViewModel.swift */; };
		2F53512925DDFB4D00EE9BCD /* DetailCoordinator.swift in Sources */ = {isa = PBXBuildFile; fileRef = 2F53512825DDFB4D00EE9BCD /* DetailCoordinator.swift */; };
		2F53512F25DDFE0600EE9BCD /* UserAPI.swift in Sources */ = {isa = PBXBuildFile; fileRef = 2F53512E25DDFE0600EE9BCD /* UserAPI.swift */; };
		2F53513325DDFFC600EE9BCD /* CommentsAPI.swift in Sources */ = {isa = PBXBuildFile; fileRef = 2F53513225DDFFC600EE9BCD /* CommentsAPI.swift */; };
		2F53513825DE011800EE9BCD /* CommentViewModel.swift in Sources */ = {isa = PBXBuildFile; fileRef = 2F53513725DE011800EE9BCD /* CommentViewModel.swift */; };
		2F53514925DE188500EE9BCD /* Notification+Names.swift in Sources */ = {isa = PBXBuildFile; fileRef = 2F53514825DE188500EE9BCD /* Notification+Names.swift */; };
		2FADC48225DD8543008479A1 /* Post.swift in Sources */ = {isa = PBXBuildFile; fileRef = 2FADC48125DD8543008479A1 /* Post.swift */; };
		2FADC48825DD8665008479A1 /* Comment.swift in Sources */ = {isa = PBXBuildFile; fileRef = 2FADC48725DD8665008479A1 /* Comment.swift */; };
		2FADC48C25DD8680008479A1 /* User.swift in Sources */ = {isa = PBXBuildFile; fileRef = 2FADC48B25DD8680008479A1 /* User.swift */; };
		2FADC49E25DDA8D0008479A1 /* MainViewModel.swift in Sources */ = {isa = PBXBuildFile; fileRef = 2FADC49D25DDA8D0008479A1 /* MainViewModel.swift */; };
		2FADC4A225DDA8DA008479A1 /* MainCoordinator.swift in Sources */ = {isa = PBXBuildFile; fileRef = 2FADC4A125DDA8DA008479A1 /* MainCoordinator.swift */; };
		2FADC4B725DDAA60008479A1 /* Client.swift in Sources */ = {isa = PBXBuildFile; fileRef = 2FADC4B625DDAA60008479A1 /* Client.swift */; };
		2FADC4C025DDACBD008479A1 /* NetworkClient.swift in Sources */ = {isa = PBXBuildFile; fileRef = 2FADC4BF25DDACBD008479A1 /* NetworkClient.swift */; };
		2FADC4C525DDAD23008479A1 /* API.swift in Sources */ = {isa = PBXBuildFile; fileRef = 2FADC4C425DDAD23008479A1 /* API.swift */; };
		2FADC4CE25DDB317008479A1 /* String+Error.swift in Sources */ = {isa = PBXBuildFile; fileRef = 2FADC4CD25DDB317008479A1 /* String+Error.swift */; };
		2FADC4D225DDB377008479A1 /* AppError.swift in Sources */ = {isa = PBXBuildFile; fileRef = 2FADC4D125DDB377008479A1 /* AppError.swift */; };
		2FADC4D625DDB4EC008479A1 /* PostsAPI.swift in Sources */ = {isa = PBXBuildFile; fileRef = 2FADC4D525DDB4EC008479A1 /* PostsAPI.swift */; };
		2FADC4DB25DDC749008479A1 /* Coordinator.swift in Sources */ = {isa = PBXBuildFile; fileRef = 2FADC4DA25DDC749008479A1 /* Coordinator.swift */; };
		2FADC4DF25DDC789008479A1 /* StoryboardInstantiable.swift in Sources */ = {isa = PBXBuildFile; fileRef = 2FADC4DE25DDC789008479A1 /* StoryboardInstantiable.swift */; };
		B7BBF2FB2207D5D900D0628C /* AppDelegate.swift in Sources */ = {isa = PBXBuildFile; fileRef = B7BBF2FA2207D5D900D0628C /* AppDelegate.swift */; };
		B7BBF3002207D5D900D0628C /* Main.storyboard in Resources */ = {isa = PBXBuildFile; fileRef = B7BBF2FE2207D5D900D0628C /* Main.storyboard */; };
		B7BBF3022207D5DB00D0628C /* Assets.xcassets in Resources */ = {isa = PBXBuildFile; fileRef = B7BBF3012207D5DB00D0628C /* Assets.xcassets */; };
		B7BBF3052207D5DB00D0628C /* LaunchScreen.storyboard in Resources */ = {isa = PBXBuildFile; fileRef = B7BBF3032207D5DB00D0628C /* LaunchScreen.storyboard */; };
		B7BBF3102207D5DB00D0628C /* PostViewerTests.swift in Sources */ = {isa = PBXBuildFile; fileRef = B7BBF30F2207D5DB00D0628C /* PostViewerTests.swift */; };
		B7BBF3232207E6B300D0628C /* DescriptionTableViewCell.swift in Sources */ = {isa = PBXBuildFile; fileRef = B7BBF3212207E6B300D0628C /* DescriptionTableViewCell.swift */; };
		B7BBF3242207E6B300D0628C /* DescriptionTableViewCell.xib in Resources */ = {isa = PBXBuildFile; fileRef = B7BBF3222207E6B300D0628C /* DescriptionTableViewCell.xib */; };
		B7BBF32A2207E97D00D0628C /* MainViewController.swift in Sources */ = {isa = PBXBuildFile; fileRef = B7BBF3292207E97D00D0628C /* MainViewController.swift */; };
		B7BBF32C2207E99200D0628C /* DetailViewController.swift in Sources */ = {isa = PBXBuildFile; fileRef = B7BBF32B2207E99200D0628C /* DetailViewController.swift */; };
/* End PBXBuildFile section */

/* Begin PBXContainerItemProxy section */
		B7BBF30C2207D5DB00D0628C /* PBXContainerItemProxy */ = {
			isa = PBXContainerItemProxy;
			containerPortal = B7BBF2EF2207D5D900D0628C /* Project object */;
			proxyType = 1;
			remoteGlobalIDString = B7BBF2F62207D5D900D0628C;
			remoteInfo = PostViewer;
		};
/* End PBXContainerItemProxy section */

/* Begin PBXFileReference section */
		2F53511625DDD14700EE9BCD /* Detail.storyboard */ = {isa = PBXFileReference; lastKnownFileType = file.storyboard; path = Detail.storyboard; sourceTree = "<group>"; };
		2F53511A25DDD77D00EE9BCD /* ViewModel.swift */ = {isa = PBXFileReference; lastKnownFileType = sourcecode.swift; path = ViewModel.swift; sourceTree = "<group>"; };
		2F53511E25DDDE0800EE9BCD /* PostViewModel.swift */ = {isa = PBXFileReference; lastKnownFileType = sourcecode.swift; path = PostViewModel.swift; sourceTree = "<group>"; };
		2F53512425DDFB1B00EE9BCD /* DetailViewModel.swift */ = {isa = PBXFileReference; lastKnownFileType = sourcecode.swift; path = DetailViewModel.swift; sourceTree = "<group>"; };
		2F53512825DDFB4D00EE9BCD /* DetailCoordinator.swift */ = {isa = PBXFileReference; lastKnownFileType = sourcecode.swift; path = DetailCoordinator.swift; sourceTree = "<group>"; };
		2F53512E25DDFE0600EE9BCD /* UserAPI.swift */ = {isa = PBXFileReference; lastKnownFileType = sourcecode.swift; path = UserAPI.swift; sourceTree = "<group>"; };
		2F53513225DDFFC600EE9BCD /* CommentsAPI.swift */ = {isa = PBXFileReference; lastKnownFileType = sourcecode.swift; path = CommentsAPI.swift; sourceTree = "<group>"; };
		2F53513725DE011800EE9BCD /* CommentViewModel.swift */ = {isa = PBXFileReference; lastKnownFileType = sourcecode.swift; path = CommentViewModel.swift; sourceTree = "<group>"; };
		2F53514825DE188500EE9BCD /* Notification+Names.swift */ = {isa = PBXFileReference; lastKnownFileType = sourcecode.swift; path = "Notification+Names.swift"; sourceTree = "<group>"; };
		2FADC48125DD8543008479A1 /* Post.swift */ = {isa = PBXFileReference; lastKnownFileType = sourcecode.swift; path = Post.swift; sourceTree = "<group>"; };
		2FADC48725DD8665008479A1 /* Comment.swift */ = {isa = PBXFileReference; lastKnownFileType = sourcecode.swift; path = Comment.swift; sourceTree = "<group>"; };
		2FADC48B25DD8680008479A1 /* User.swift */ = {isa = PBXFileReference; lastKnownFileType = sourcecode.swift; path = User.swift; sourceTree = "<group>"; };
		2FADC49D25DDA8D0008479A1 /* MainViewModel.swift */ = {isa = PBXFileReference; lastKnownFileType = sourcecode.swift; path = MainViewModel.swift; sourceTree = "<group>"; };
		2FADC4A125DDA8DA008479A1 /* MainCoordinator.swift */ = {isa = PBXFileReference; lastKnownFileType = sourcecode.swift; path = MainCoordinator.swift; sourceTree = "<group>"; };
		2FADC4B625DDAA60008479A1 /* Client.swift */ = {isa = PBXFileReference; lastKnownFileType = sourcecode.swift; path = Client.swift; sourceTree = "<group>"; };
		2FADC4BF25DDACBD008479A1 /* NetworkClient.swift */ = {isa = PBXFileReference; lastKnownFileType = sourcecode.swift; path = NetworkClient.swift; sourceTree = "<group>"; };
		2FADC4C425DDAD23008479A1 /* API.swift */ = {isa = PBXFileReference; lastKnownFileType = sourcecode.swift; path = API.swift; sourceTree = "<group>"; };
		2FADC4CD25DDB317008479A1 /* String+Error.swift */ = {isa = PBXFileReference; lastKnownFileType = sourcecode.swift; path = "String+Error.swift"; sourceTree = "<group>"; };
		2FADC4D125DDB377008479A1 /* AppError.swift */ = {isa = PBXFileReference; lastKnownFileType = sourcecode.swift; path = AppError.swift; sourceTree = "<group>"; };
		2FADC4D525DDB4EC008479A1 /* PostsAPI.swift */ = {isa = PBXFileReference; lastKnownFileType = sourcecode.swift; path = PostsAPI.swift; sourceTree = "<group>"; };
		2FADC4DA25DDC749008479A1 /* Coordinator.swift */ = {isa = PBXFileReference; lastKnownFileType = sourcecode.swift; path = Coordinator.swift; sourceTree = "<group>"; };
		2FADC4DE25DDC789008479A1 /* StoryboardInstantiable.swift */ = {isa = PBXFileReference; lastKnownFileType = sourcecode.swift; path = StoryboardInstantiable.swift; sourceTree = "<group>"; };
		B7BBF2F72207D5D900D0628C /* PostViewer.app */ = {isa = PBXFileReference; explicitFileType = wrapper.application; includeInIndex = 0; path = PostViewer.app; sourceTree = BUILT_PRODUCTS_DIR; };
		B7BBF2FA2207D5D900D0628C /* AppDelegate.swift */ = {isa = PBXFileReference; lastKnownFileType = sourcecode.swift; path = AppDelegate.swift; sourceTree = "<group>"; };
		B7BBF2FF2207D5D900D0628C /* Base */ = {isa = PBXFileReference; lastKnownFileType = file.storyboard; name = Base; path = Base.lproj/Main.storyboard; sourceTree = "<group>"; };
		B7BBF3012207D5DB00D0628C /* Assets.xcassets */ = {isa = PBXFileReference; lastKnownFileType = folder.assetcatalog; path = Assets.xcassets; sourceTree = "<group>"; };
		B7BBF3042207D5DB00D0628C /* Base */ = {isa = PBXFileReference; lastKnownFileType = file.storyboard; name = Base; path = Base.lproj/LaunchScreen.storyboard; sourceTree = "<group>"; };
		B7BBF3062207D5DB00D0628C /* Info.plist */ = {isa = PBXFileReference; lastKnownFileType = text.plist.xml; path = Info.plist; sourceTree = "<group>"; };
		B7BBF30B2207D5DB00D0628C /* PostViewerTests.xctest */ = {isa = PBXFileReference; explicitFileType = wrapper.cfbundle; includeInIndex = 0; path = PostViewerTests.xctest; sourceTree = BUILT_PRODUCTS_DIR; };
		B7BBF30F2207D5DB00D0628C /* PostViewerTests.swift */ = {isa = PBXFileReference; lastKnownFileType = sourcecode.swift; path = PostViewerTests.swift; sourceTree = "<group>"; };
		B7BBF3112207D5DB00D0628C /* Info.plist */ = {isa = PBXFileReference; lastKnownFileType = text.plist.xml; path = Info.plist; sourceTree = "<group>"; };
		B7BBF3212207E6B300D0628C /* DescriptionTableViewCell.swift */ = {isa = PBXFileReference; lastKnownFileType = sourcecode.swift; path = DescriptionTableViewCell.swift; sourceTree = "<group>"; };
		B7BBF3222207E6B300D0628C /* DescriptionTableViewCell.xib */ = {isa = PBXFileReference; lastKnownFileType = file.xib; path = DescriptionTableViewCell.xib; sourceTree = "<group>"; };
		B7BBF3292207E97D00D0628C /* MainViewController.swift */ = {isa = PBXFileReference; lastKnownFileType = sourcecode.swift; path = MainViewController.swift; sourceTree = "<group>"; };
		B7BBF32B2207E99200D0628C /* DetailViewController.swift */ = {isa = PBXFileReference; lastKnownFileType = sourcecode.swift; path = DetailViewController.swift; sourceTree = "<group>"; };
/* End PBXFileReference section */

/* Begin PBXFrameworksBuildPhase section */
		B7BBF2F42207D5D900D0628C /* Frameworks */ = {
			isa = PBXFrameworksBuildPhase;
			buildActionMask = 2147483647;
			files = (
			);
			runOnlyForDeploymentPostprocessing = 0;
		};
		B7BBF3082207D5DB00D0628C /* Frameworks */ = {
			isa = PBXFrameworksBuildPhase;
			buildActionMask = 2147483647;
			files = (
			);
			runOnlyForDeploymentPostprocessing = 0;
		};
/* End PBXFrameworksBuildPhase section */

/* Begin PBXGroup section */
		2F53513625DE010900EE9BCD /* Comment */ = {
			isa = PBXGroup;
			children = (
				2F53513725DE011800EE9BCD /* CommentViewModel.swift */,
			);
			path = Comment;
			sourceTree = "<group>";
		};
		2F53513F25DE12BB00EE9BCD /* Common */ = {
			isa = PBXGroup;
			children = (
				B7BBF3212207E6B300D0628C /* DescriptionTableViewCell.swift */,
				B7BBF3222207E6B300D0628C /* DescriptionTableViewCell.xib */,
			);
			path = Common;
			sourceTree = "<group>";
		};
		2FADC48025DD8534008479A1 /* Network */ = {
			isa = PBXGroup;
			children = (
				2FADC4C325DDACFF008479A1 /* API */,
				2FADC4B525DDAA47008479A1 /* Client */,
				2FADC48125DD8543008479A1 /* Post.swift */,
				2FADC48725DD8665008479A1 /* Comment.swift */,
				2FADC48B25DD8680008479A1 /* User.swift */,
			);
			path = Network;
			sourceTree = "<group>";
		};
		2FADC49625DDA802008479A1 /* App */ = {
			isa = PBXGroup;
			children = (
				2FADC4CC25DDB308008479A1 /* Extension */,
				2FADC4BE25DDACA7008479A1 /* Protocol */,
				B7BBF31D2207E60F00D0628C /* Model */,
				2FADC49725DDA80D008479A1 /* UI */,
			);
			path = App;
			sourceTree = "<group>";
		};
		2FADC49725DDA80D008479A1 /* UI */ = {
			isa = PBXGroup;
			children = (
				B7BBF3032207D5DB00D0628C /* LaunchScreen.storyboard */,
				2F53513F25DE12BB00EE9BCD /* Common */,
				2FADC49C25DDA85B008479A1 /* Detail */,
				2FADC49925DDA823008479A1 /* Main */,
			);
			path = UI;
			sourceTree = "<group>";
		};
		2FADC49925DDA823008479A1 /* Main */ = {
			isa = PBXGroup;
			children = (
				B7BBF31E2207E67C00D0628C /* Post */,
				B7BBF2FE2207D5D900D0628C /* Main.storyboard */,
				B7BBF3292207E97D00D0628C /* MainViewController.swift */,
				2FADC49D25DDA8D0008479A1 /* MainViewModel.swift */,
				2FADC4A125DDA8DA008479A1 /* MainCoordinator.swift */,
			);
			path = Main;
			sourceTree = "<group>";
		};
		2FADC49C25DDA85B008479A1 /* Detail */ = {
			isa = PBXGroup;
			children = (
				2F53513625DE010900EE9BCD /* Comment */,
				B7BBF32B2207E99200D0628C /* DetailViewController.swift */,
				2F53511625DDD14700EE9BCD /* Detail.storyboard */,
				2F53512425DDFB1B00EE9BCD /* DetailViewModel.swift */,
				2F53512825DDFB4D00EE9BCD /* DetailCoordinator.swift */,
			);
			path = Detail;
			sourceTree = "<group>";
		};
		2FADC4B525DDAA47008479A1 /* Client */ = {
			isa = PBXGroup;
			children = (
				2FADC4BF25DDACBD008479A1 /* NetworkClient.swift */,
			);
			path = Client;
			sourceTree = "<group>";
		};
		2FADC4BE25DDACA7008479A1 /* Protocol */ = {
			isa = PBXGroup;
			children = (
				2FADC4B625DDAA60008479A1 /* Client.swift */,
				2FADC4C425DDAD23008479A1 /* API.swift */,
				2FADC4DA25DDC749008479A1 /* Coordinator.swift */,
				2FADC4DE25DDC789008479A1 /* StoryboardInstantiable.swift */,
				2F53511A25DDD77D00EE9BCD /* ViewModel.swift */,
			);
			path = Protocol;
			sourceTree = "<group>";
		};
		2FADC4C325DDACFF008479A1 /* API */ = {
			isa = PBXGroup;
			children = (
				2FADC4D525DDB4EC008479A1 /* PostsAPI.swift */,
				2F53512E25DDFE0600EE9BCD /* UserAPI.swift */,
				2F53513225DDFFC600EE9BCD /* CommentsAPI.swift */,
			);
			path = API;
			sourceTree = "<group>";
		};
		2FADC4CC25DDB308008479A1 /* Extension */ = {
			isa = PBXGroup;
			children = (
				2FADC4CD25DDB317008479A1 /* String+Error.swift */,
				2FADC4D125DDB377008479A1 /* AppError.swift */,
				2F53514825DE188500EE9BCD /* Notification+Names.swift */,
			);
			path = Extension;
			sourceTree = "<group>";
		};
		B7BBF2EE2207D5D900D0628C = {
			isa = PBXGroup;
			children = (
				B7BBF2F92207D5D900D0628C /* PostViewer */,
				B7BBF30E2207D5DB00D0628C /* PostViewerTests */,
				B7BBF2F82207D5D900D0628C /* Products */,
			);
			sourceTree = "<group>";
		};
		B7BBF2F82207D5D900D0628C /* Products */ = {
			isa = PBXGroup;
			children = (
				B7BBF2F72207D5D900D0628C /* PostViewer.app */,
				B7BBF30B2207D5DB00D0628C /* PostViewerTests.xctest */,
			);
			name = Products;
			sourceTree = "<group>";
		};
		B7BBF2F92207D5D900D0628C /* PostViewer */ = {
			isa = PBXGroup;
			children = (
				2FADC49625DDA802008479A1 /* App */,
				B7BBF2FA2207D5D900D0628C /* AppDelegate.swift */,
				B7BBF3012207D5DB00D0628C /* Assets.xcassets */,
				B7BBF3062207D5DB00D0628C /* Info.plist */,
			);
			path = PostViewer;
			sourceTree = "<group>";
		};
		B7BBF30E2207D5DB00D0628C /* PostViewerTests */ = {
			isa = PBXGroup;
			children = (
				B7BBF30F2207D5DB00D0628C /* PostViewerTests.swift */,
				B7BBF3112207D5DB00D0628C /* Info.plist */,
			);
			path = PostViewerTests;
			sourceTree = "<group>";
		};
		B7BBF31D2207E60F00D0628C /* Model */ = {
			isa = PBXGroup;
			children = (
				2FADC48025DD8534008479A1 /* Network */,
			);
			path = Model;
			sourceTree = "<group>";
		};
		B7BBF31E2207E67C00D0628C /* Post */ = {
			isa = PBXGroup;
			children = (
				2F53511E25DDDE0800EE9BCD /* PostViewModel.swift */,
			);
			path = Post;
			sourceTree = "<group>";
		};
/* End PBXGroup section */

/* Begin PBXNativeTarget section */
		B7BBF2F62207D5D900D0628C /* PostViewer */ = {
			isa = PBXNativeTarget;
			buildConfigurationList = B7BBF3142207D5DB00D0628C /* Build configuration list for PBXNativeTarget "PostViewer" */;
			buildPhases = (
				B7BBF2F32207D5D900D0628C /* Sources */,
				B7BBF2F42207D5D900D0628C /* Frameworks */,
				B7BBF2F52207D5D900D0628C /* Resources */,
			);
			buildRules = (
			);
			dependencies = (
			);
			name = PostViewer;
			productName = PostViewer;
			productReference = B7BBF2F72207D5D900D0628C /* PostViewer.app */;
			productType = "com.apple.product-type.application";
		};
		B7BBF30A2207D5DB00D0628C /* PostViewerTests */ = {
			isa = PBXNativeTarget;
			buildConfigurationList = B7BBF3172207D5DB00D0628C /* Build configuration list for PBXNativeTarget "PostViewerTests" */;
			buildPhases = (
				B7BBF3072207D5DB00D0628C /* Sources */,
				B7BBF3082207D5DB00D0628C /* Frameworks */,
				B7BBF3092207D5DB00D0628C /* Resources */,
			);
			buildRules = (
			);
			dependencies = (
				B7BBF30D2207D5DB00D0628C /* PBXTargetDependency */,
			);
			name = PostViewerTests;
			productName = PostViewerTests;
			productReference = B7BBF30B2207D5DB00D0628C /* PostViewerTests.xctest */;
			productType = "com.apple.product-type.bundle.unit-test";
		};
/* End PBXNativeTarget section */

/* Begin PBXProject section */
		B7BBF2EF2207D5D900D0628C /* Project object */ = {
			isa = PBXProject;
			attributes = {
				LastSwiftUpdateCheck = 1010;
				LastUpgradeCheck = 1240;
				ORGANIZATIONNAME = "Sebastian Bonilla";
				TargetAttributes = {
					B7BBF2F62207D5D900D0628C = {
						CreatedOnToolsVersion = 10.1;
						LastSwiftMigration = 1240;
					};
					B7BBF30A2207D5DB00D0628C = {
						CreatedOnToolsVersion = 10.1;
						LastSwiftMigration = 1240;
						TestTargetID = B7BBF2F62207D5D900D0628C;
					};
				};
			};
			buildConfigurationList = B7BBF2F22207D5D900D0628C /* Build configuration list for PBXProject "PostViewer" */;
			compatibilityVersion = "Xcode 9.3";
			developmentRegion = en;
			hasScannedForEncodings = 0;
			knownRegions = (
				en,
				Base,
			);
			mainGroup = B7BBF2EE2207D5D900D0628C;
			productRefGroup = B7BBF2F82207D5D900D0628C /* Products */;
			projectDirPath = "";
			projectRoot = "";
			targets = (
				B7BBF2F62207D5D900D0628C /* PostViewer */,
				B7BBF30A2207D5DB00D0628C /* PostViewerTests */,
			);
		};
/* End PBXProject section */

/* Begin PBXResourcesBuildPhase section */
		B7BBF2F52207D5D900D0628C /* Resources */ = {
			isa = PBXResourcesBuildPhase;
			buildActionMask = 2147483647;
			files = (
				B7BBF3052207D5DB00D0628C /* LaunchScreen.storyboard in Resources */,
				B7BBF3022207D5DB00D0628C /* Assets.xcassets in Resources */,
				B7BBF3002207D5D900D0628C /* Main.storyboard in Resources */,
				2F53511725DDD14700EE9BCD /* Detail.storyboard in Resources */,
				B7BBF3242207E6B300D0628C /* DescriptionTableViewCell.xib in Resources */,
			);
			runOnlyForDeploymentPostprocessing = 0;
		};
		B7BBF3092207D5DB00D0628C /* Resources */ = {
			isa = PBXResourcesBuildPhase;
			buildActionMask = 2147483647;
			files = (
			);
			runOnlyForDeploymentPostprocessing = 0;
		};
/* End PBXResourcesBuildPhase section */

/* Begin PBXSourcesBuildPhase section */
		B7BBF2F32207D5D900D0628C /* Sources */ = {
			isa = PBXSourcesBuildPhase;
			buildActionMask = 2147483647;
			files = (
				2FADC4D625DDB4EC008479A1 /* PostsAPI.swift in Sources */,
				B7BBF32C2207E99200D0628C /* DetailViewController.swift in Sources */,
				2FADC4D225DDB377008479A1 /* AppError.swift in Sources */,
				2FADC4DF25DDC789008479A1 /* StoryboardInstantiable.swift in Sources */,
				B7BBF32A2207E97D00D0628C /* MainViewController.swift in Sources */,
				2FADC4CE25DDB317008479A1 /* String+Error.swift in Sources */,
				B7BBF2FB2207D5D900D0628C /* AppDelegate.swift in Sources */,
				2F53512925DDFB4D00EE9BCD /* DetailCoordinator.swift in Sources */,
				B7BBF3232207E6B300D0628C /* DescriptionTableViewCell.swift in Sources */,
				2FADC48C25DD8680008479A1 /* User.swift in Sources */,
				2F53512525DDFB1B00EE9BCD /* DetailViewModel.swift in Sources */,
				2FADC4DB25DDC749008479A1 /* Coordinator.swift in Sources */,
				2F53513325DDFFC600EE9BCD /* CommentsAPI.swift in Sources */,
				2F53511B25DDD77D00EE9BCD /* ViewModel.swift in Sources */,
				2F53514925DE188500EE9BCD /* Notification+Names.swift in Sources */,
				2F53513825DE011800EE9BCD /* CommentViewModel.swift in Sources */,
				2FADC4B725DDAA60008479A1 /* Client.swift in Sources */,
				2FADC48825DD8665008479A1 /* Comment.swift in Sources */,
				2F53512F25DDFE0600EE9BCD /* UserAPI.swift in Sources */,
				2FADC4C025DDACBD008479A1 /* NetworkClient.swift in Sources */,
				2FADC4A225DDA8DA008479A1 /* MainCoordinator.swift in Sources */,
				2F53511F25DDDE0800EE9BCD /* PostViewModel.swift in Sources */,
				2FADC48225DD8543008479A1 /* Post.swift in Sources */,
				2FADC4C525DDAD23008479A1 /* API.swift in Sources */,
				2FADC49E25DDA8D0008479A1 /* MainViewModel.swift in Sources */,
			);
			runOnlyForDeploymentPostprocessing = 0;
		};
		B7BBF3072207D5DB00D0628C /* Sources */ = {
			isa = PBXSourcesBuildPhase;
			buildActionMask = 2147483647;
			files = (
				B7BBF3102207D5DB00D0628C /* PostViewerTests.swift in Sources */,
			);
			runOnlyForDeploymentPostprocessing = 0;
		};
/* End PBXSourcesBuildPhase section */

/* Begin PBXTargetDependency section */
		B7BBF30D2207D5DB00D0628C /* PBXTargetDependency */ = {
			isa = PBXTargetDependency;
			target = B7BBF2F62207D5D900D0628C /* PostViewer */;
			targetProxy = B7BBF30C2207D5DB00D0628C /* PBXContainerItemProxy */;
		};
/* End PBXTargetDependency section */

/* Begin PBXVariantGroup section */
		B7BBF2FE2207D5D900D0628C /* Main.storyboard */ = {
			isa = PBXVariantGroup;
			children = (
				B7BBF2FF2207D5D900D0628C /* Base */,
			);
			name = Main.storyboard;
			sourceTree = "<group>";
		};
		B7BBF3032207D5DB00D0628C /* LaunchScreen.storyboard */ = {
			isa = PBXVariantGroup;
			children = (
				B7BBF3042207D5DB00D0628C /* Base */,
			);
			name = LaunchScreen.storyboard;
			sourceTree = "<group>";
		};
/* End PBXVariantGroup section */

/* Begin XCBuildConfiguration section */
		B7BBF3122207D5DB00D0628C /* Debug */ = {
			isa = XCBuildConfiguration;
			buildSettings = {
				ALWAYS_SEARCH_USER_PATHS = NO;
				CLANG_ANALYZER_NONNULL = YES;
				CLANG_ANALYZER_NUMBER_OBJECT_CONVERSION = YES_AGGRESSIVE;
				CLANG_CXX_LANGUAGE_STANDARD = "gnu++14";
				CLANG_CXX_LIBRARY = "libc++";
				CLANG_ENABLE_MODULES = YES;
				CLANG_ENABLE_OBJC_ARC = YES;
				CLANG_ENABLE_OBJC_WEAK = YES;
				CLANG_WARN_BLOCK_CAPTURE_AUTORELEASING = YES;
				CLANG_WARN_BOOL_CONVERSION = YES;
				CLANG_WARN_COMMA = YES;
				CLANG_WARN_CONSTANT_CONVERSION = YES;
				CLANG_WARN_DEPRECATED_OBJC_IMPLEMENTATIONS = YES;
				CLANG_WARN_DIRECT_OBJC_ISA_USAGE = YES_ERROR;
				CLANG_WARN_DOCUMENTATION_COMMENTS = YES;
				CLANG_WARN_EMPTY_BODY = YES;
				CLANG_WARN_ENUM_CONVERSION = YES;
				CLANG_WARN_INFINITE_RECURSION = YES;
				CLANG_WARN_INT_CONVERSION = YES;
				CLANG_WARN_NON_LITERAL_NULL_CONVERSION = YES;
				CLANG_WARN_OBJC_IMPLICIT_RETAIN_SELF = YES;
				CLANG_WARN_OBJC_LITERAL_CONVERSION = YES;
				CLANG_WARN_OBJC_ROOT_CLASS = YES_ERROR;
				CLANG_WARN_QUOTED_INCLUDE_IN_FRAMEWORK_HEADER = YES;
				CLANG_WARN_RANGE_LOOP_ANALYSIS = YES;
				CLANG_WARN_STRICT_PROTOTYPES = YES;
				CLANG_WARN_SUSPICIOUS_MOVE = YES;
				CLANG_WARN_UNGUARDED_AVAILABILITY = YES_AGGRESSIVE;
				CLANG_WARN_UNREACHABLE_CODE = YES;
				CLANG_WARN__DUPLICATE_METHOD_MATCH = YES;
				CODE_SIGN_IDENTITY = "iPhone Developer";
				COPY_PHASE_STRIP = NO;
				DEBUG_INFORMATION_FORMAT = dwarf;
				ENABLE_STRICT_OBJC_MSGSEND = YES;
				ENABLE_TESTABILITY = YES;
				GCC_C_LANGUAGE_STANDARD = gnu11;
				GCC_DYNAMIC_NO_PIC = NO;
				GCC_NO_COMMON_BLOCKS = YES;
				GCC_OPTIMIZATION_LEVEL = 0;
				GCC_PREPROCESSOR_DEFINITIONS = (
					"DEBUG=1",
					"$(inherited)",
				);
				GCC_WARN_64_TO_32_BIT_CONVERSION = YES;
				GCC_WARN_ABOUT_RETURN_TYPE = YES_ERROR;
				GCC_WARN_UNDECLARED_SELECTOR = YES;
				GCC_WARN_UNINITIALIZED_AUTOS = YES_AGGRESSIVE;
				GCC_WARN_UNUSED_FUNCTION = YES;
				GCC_WARN_UNUSED_VARIABLE = YES;
				IPHONEOS_DEPLOYMENT_TARGET = 12.1;
				MTL_ENABLE_DEBUG_INFO = INCLUDE_SOURCE;
				MTL_FAST_MATH = YES;
				ONLY_ACTIVE_ARCH = YES;
				SDKROOT = iphoneos;
				SWIFT_ACTIVE_COMPILATION_CONDITIONS = DEBUG;
				SWIFT_OPTIMIZATION_LEVEL = "-Onone";
			};
			name = Debug;
		};
		B7BBF3132207D5DB00D0628C /* Release */ = {
			isa = XCBuildConfiguration;
			buildSettings = {
				ALWAYS_SEARCH_USER_PATHS = NO;
				CLANG_ANALYZER_NONNULL = YES;
				CLANG_ANALYZER_NUMBER_OBJECT_CONVERSION = YES_AGGRESSIVE;
				CLANG_CXX_LANGUAGE_STANDARD = "gnu++14";
				CLANG_CXX_LIBRARY = "libc++";
				CLANG_ENABLE_MODULES = YES;
				CLANG_ENABLE_OBJC_ARC = YES;
				CLANG_ENABLE_OBJC_WEAK = YES;
				CLANG_WARN_BLOCK_CAPTURE_AUTORELEASING = YES;
				CLANG_WARN_BOOL_CONVERSION = YES;
				CLANG_WARN_COMMA = YES;
				CLANG_WARN_CONSTANT_CONVERSION = YES;
				CLANG_WARN_DEPRECATED_OBJC_IMPLEMENTATIONS = YES;
				CLANG_WARN_DIRECT_OBJC_ISA_USAGE = YES_ERROR;
				CLANG_WARN_DOCUMENTATION_COMMENTS = YES;
				CLANG_WARN_EMPTY_BODY = YES;
				CLANG_WARN_ENUM_CONVERSION = YES;
				CLANG_WARN_INFINITE_RECURSION = YES;
				CLANG_WARN_INT_CONVERSION = YES;
				CLANG_WARN_NON_LITERAL_NULL_CONVERSION = YES;
				CLANG_WARN_OBJC_IMPLICIT_RETAIN_SELF = YES;
				CLANG_WARN_OBJC_LITERAL_CONVERSION = YES;
				CLANG_WARN_OBJC_ROOT_CLASS = YES_ERROR;
				CLANG_WARN_QUOTED_INCLUDE_IN_FRAMEWORK_HEADER = YES;
				CLANG_WARN_RANGE_LOOP_ANALYSIS = YES;
				CLANG_WARN_STRICT_PROTOTYPES = YES;
				CLANG_WARN_SUSPICIOUS_MOVE = YES;
				CLANG_WARN_UNGUARDED_AVAILABILITY = YES_AGGRESSIVE;
				CLANG_WARN_UNREACHABLE_CODE = YES;
				CLANG_WARN__DUPLICATE_METHOD_MATCH = YES;
				CODE_SIGN_IDENTITY = "iPhone Developer";
				COPY_PHASE_STRIP = NO;
				DEBUG_INFORMATION_FORMAT = "dwarf-with-dsym";
				ENABLE_NS_ASSERTIONS = NO;
				ENABLE_STRICT_OBJC_MSGSEND = YES;
				GCC_C_LANGUAGE_STANDARD = gnu11;
				GCC_NO_COMMON_BLOCKS = YES;
				GCC_WARN_64_TO_32_BIT_CONVERSION = YES;
				GCC_WARN_ABOUT_RETURN_TYPE = YES_ERROR;
				GCC_WARN_UNDECLARED_SELECTOR = YES;
				GCC_WARN_UNINITIALIZED_AUTOS = YES_AGGRESSIVE;
				GCC_WARN_UNUSED_FUNCTION = YES;
				GCC_WARN_UNUSED_VARIABLE = YES;
				IPHONEOS_DEPLOYMENT_TARGET = 12.1;
				MTL_ENABLE_DEBUG_INFO = NO;
				MTL_FAST_MATH = YES;
				SDKROOT = iphoneos;
				SWIFT_COMPILATION_MODE = wholemodule;
				SWIFT_OPTIMIZATION_LEVEL = "-O";
				VALIDATE_PRODUCT = YES;
			};
			name = Release;
		};
		B7BBF3152207D5DB00D0628C /* Debug */ = {
			isa = XCBuildConfiguration;
			buildSettings = {
				ASSETCATALOG_COMPILER_APPICON_NAME = AppIcon;
				CODE_SIGN_STYLE = Automatic;
				DEVELOPMENT_TEAM = 2WD4LJ5535;
				INFOPLIST_FILE = PostViewer/Info.plist;
				LD_RUNPATH_SEARCH_PATHS = (
					"$(inherited)",
					"@executable_path/Frameworks",
				);
				PRODUCT_BUNDLE_IDENTIFIER = com.bonsebas.PostViewer;
				PRODUCT_NAME = "$(TARGET_NAME)";
				SWIFT_VERSION = 5.0;
				TARGETED_DEVICE_FAMILY = 1;
			};
			name = Debug;
		};
		B7BBF3162207D5DB00D0628C /* Release */ = {
			isa = XCBuildConfiguration;
			buildSettings = {
				ASSETCATALOG_COMPILER_APPICON_NAME = AppIcon;
				CODE_SIGN_STYLE = Automatic;
				DEVELOPMENT_TEAM = 2WD4LJ5535;
				INFOPLIST_FILE = PostViewer/Info.plist;
				LD_RUNPATH_SEARCH_PATHS = (
					"$(inherited)",
					"@executable_path/Frameworks",
				);
				PRODUCT_BUNDLE_IDENTIFIER = com.bonsebas.PostViewer;
				PRODUCT_NAME = "$(TARGET_NAME)";
				SWIFT_VERSION = 5.0;
				TARGETED_DEVICE_FAMILY = 1;
			};
			name = Release;
		};
		B7BBF3182207D5DB00D0628C /* Debug */ = {
			isa = XCBuildConfiguration;
			buildSettings = {
				ALWAYS_EMBED_SWIFT_STANDARD_LIBRARIES = YES;
				BUNDLE_LOADER = "$(TEST_HOST)";
				CODE_SIGN_STYLE = Automatic;
				DEVELOPMENT_TEAM = 2WD4LJ5535;
				INFOPLIST_FILE = PostViewerTests/Info.plist;
				LD_RUNPATH_SEARCH_PATHS = (
					"$(inherited)",
					"@executable_path/Frameworks",
					"@loader_path/Frameworks",
				);
				PRODUCT_BUNDLE_IDENTIFIER = com.bonsebas.PostViewerTests;
				PRODUCT_NAME = "$(TARGET_NAME)";
				SWIFT_VERSION = 5.0;
				TARGETED_DEVICE_FAMILY = "1,2";
				TEST_HOST = "$(BUILT_PRODUCTS_DIR)/PostViewer.app/PostViewer";
			};
			name = Debug;
		};
		B7BBF3192207D5DB00D0628C /* Release */ = {
			isa = XCBuildConfiguration;
			buildSettings = {
				ALWAYS_EMBED_SWIFT_STANDARD_LIBRARIES = YES;
				BUNDLE_LOADER = "$(TEST_HOST)";
				CODE_SIGN_STYLE = Automatic;
				DEVELOPMENT_TEAM = 2WD4LJ5535;
				INFOPLIST_FILE = PostViewerTests/Info.plist;
				LD_RUNPATH_SEARCH_PATHS = (
					"$(inherited)",
					"@executable_path/Frameworks",
					"@loader_path/Frameworks",
				);
				PRODUCT_BUNDLE_IDENTIFIER = com.bonsebas.PostViewerTests;
				PRODUCT_NAME = "$(TARGET_NAME)";
				SWIFT_VERSION = 5.0;
				TARGETED_DEVICE_FAMILY = "1,2";
				TEST_HOST = "$(BUILT_PRODUCTS_DIR)/PostViewer.app/PostViewer";
			};
			name = Release;
		};
/* End XCBuildConfiguration section */

/* Begin XCConfigurationList section */
		B7BBF2F22207D5D900D0628C /* Build configuration list for PBXProject "PostViewer" */ = {
			isa = XCConfigurationList;
			buildConfigurations = (
				B7BBF3122207D5DB00D0628C /* Debug */,
				B7BBF3132207D5DB00D0628C /* Release */,
			);
			defaultConfigurationIsVisible = 0;
			defaultConfigurationName = Release;
		};
		B7BBF3142207D5DB00D0628C /* Build configuration list for PBXNativeTarget "PostViewer" */ = {
			isa = XCConfigurationList;
			buildConfigurations = (
				B7BBF3152207D5DB00D0628C /* Debug */,
				B7BBF3162207D5DB00D0628C /* Release */,
			);
			defaultConfigurationIsVisible = 0;
			defaultConfigurationName = Release;
		};
		B7BBF3172207D5DB00D0628C /* Build configuration list for PBXNativeTarget "PostViewerTests" */ = {
			isa = XCConfigurationList;
			buildConfigurations = (
				B7BBF3182207D5DB00D0628C /* Debug */,
				B7BBF3192207D5DB00D0628C /* Release */,
			);
			defaultConfigurationIsVisible = 0;
			defaultConfigurationName = Release;
		};
/* End XCConfigurationList section */
	};
	rootObject = B7BBF2EF2207D5D900D0628C /* Project object */;
}
